<?xml version="1.0" encoding="utf-8"?>
<Project ToolsVersion="4.0" xmlns="http://schemas.microsoft.com/developer/msbuild/2003">
  <ItemGroup>
    <Filter Include="Leviathan">
      <UniqueIdentifier>{c040178b-98ec-45b8-a0f4-9ffc73a4959e}</UniqueIdentifier>
    </Filter>
    <Filter Include="Leviathan\Utillity">
      <UniqueIdentifier>{6e2039aa-c5e2-49ae-b08e-7fa2971828ee}</UniqueIdentifier>
    </Filter>
    <Filter Include="Leviathan\Utillity\DesignPattern">
      <UniqueIdentifier>{f274af42-42bf-429d-890f-32ba69d34432}</UniqueIdentifier>
    </Filter>
    <Filter Include="Leviathan\Utillity\DesignPattern\Singleton">
      <UniqueIdentifier>{b116f3a6-52d0-4d73-8f90-8cf0290611ea}</UniqueIdentifier>
    </Filter>
    <Filter Include="Leviathan\OpenSource">
      <UniqueIdentifier>{b2028c65-5c80-4582-84b6-f3b53a761083}</UniqueIdentifier>
    </Filter>
    <Filter Include="Leviathan\OpenSource\Jsoncpp">
      <UniqueIdentifier>{cadf9c02-5a64-43c3-aa0e-207000fcb333}</UniqueIdentifier>
    </Filter>
    <Filter Include="Leviathan\OpenSource\TCMalloc">
      <UniqueIdentifier>{b3f2f4e7-c002-4d67-97a7-cbf2e3005161}</UniqueIdentifier>
    </Filter>
    <Filter Include="Leviathan\Libs">
      <UniqueIdentifier>{1751b559-28e4-45af-b002-54782704bbbd}</UniqueIdentifier>
    </Filter>
    <Filter Include="Leviathan\Utillity\Json">
      <UniqueIdentifier>{4056fed1-d5f6-45e7-8a4a-27fba2d1635c}</UniqueIdentifier>
    </Filter>
    <Filter Include="Leviathan\Network">
      <UniqueIdentifier>{a192af25-0cf3-465f-b278-b7830eba2e77}</UniqueIdentifier>
    </Filter>
    <Filter Include="Leviathan\Network\LeviathanServer">
      <UniqueIdentifier>{642879db-e3b9-47a7-9908-7d23767120f2}</UniqueIdentifier>
    </Filter>
    <Filter Include="Leviathan\Network\LeviathanServer\Adaptor">
      <UniqueIdentifier>{fbbf3581-54ce-434e-98a0-fd6933bfa6f5}</UniqueIdentifier>
    </Filter>
    <Filter Include="Leviathan\Network\LeviathanServer\Server">
      <UniqueIdentifier>{3f9b81da-c0a7-4693-9794-f5eb6c0fe7b0}</UniqueIdentifier>
    </Filter>
    <Filter Include="Leviathan\Network\CloseSocket">
      <UniqueIdentifier>{2253aa9f-a3b3-4323-904b-888dfa16135a}</UniqueIdentifier>
    </Filter>
    <Filter Include="Leviathan\Network\LeviathanClient">
      <UniqueIdentifier>{9e52ccbd-fa7d-493d-a26a-6a562835b680}</UniqueIdentifier>
    </Filter>
    <Filter Include="Leviathan\Network\LeviathanClient\Client">
      <UniqueIdentifier>{2953f507-eadb-4b37-a582-de739192b328}</UniqueIdentifier>
    </Filter>
    <Filter Include="Leviathan\Utillity\Log">
      <UniqueIdentifier>{e52b9f5c-bf34-4d80-8689-73eb829fa5f7}</UniqueIdentifier>
    </Filter>
    <Filter Include="Leviathan\Network\LeviathanClient\ClientManager">
      <UniqueIdentifier>{78c8fa09-8ba5-4ef1-9700-01ea2a4d850c}</UniqueIdentifier>
    </Filter>
    <Filter Include="Leviathan\Core">
      <UniqueIdentifier>{8573a70a-4b47-4490-888e-887d75303fbe}</UniqueIdentifier>
    </Filter>
    <Filter Include="Leviathan\Core\Stream">
      <UniqueIdentifier>{e2851da0-bb08-4b63-a5ad-e1b37cecb301}</UniqueIdentifier>
    </Filter>
    <Filter Include="Leviathan\Core\Thread">
      <UniqueIdentifier>{6592e22d-3d0f-4120-a120-58daf04c6d74}</UniqueIdentifier>
    </Filter>
    <Filter Include="Leviathan\Core\Thread\MutilThreadSync">
      <UniqueIdentifier>{5be60f69-9230-46a1-83d4-659de29037b9}</UniqueIdentifier>
    </Filter>
    <Filter Include="Leviathan\Core\Thread\MutilThreadSync\Mutex">
      <UniqueIdentifier>{76cbe1df-c729-4d58-be4b-d4627dea307f}</UniqueIdentifier>
    </Filter>
    <Filter Include="Leviathan\Utillity\Random">
      <UniqueIdentifier>{5cdceb05-4bc1-44b4-9e2a-b0c8709fb6b5}</UniqueIdentifier>
    </Filter>
    <Filter Include="Leviathan\Core\I/O">
      <UniqueIdentifier>{1464de2f-f61a-4df0-bb27-ac0833720dae}</UniqueIdentifier>
    </Filter>
    <Filter Include="Leviathan\Core\I/O\Receive">
      <UniqueIdentifier>{587e79b2-67cb-4abb-97e3-ae6bb27a5b5b}</UniqueIdentifier>
    </Filter>
    <Filter Include="Leviathan\Core\I/O\Receive\Receive Queue">
      <UniqueIdentifier>{351f8d01-42d5-41c0-9137-c5e019a03503}</UniqueIdentifier>
    </Filter>
    <Filter Include="Leviathan\Core\I/O\Send">
      <UniqueIdentifier>{c4aadb05-c1ba-45a9-8eaa-2ab83a3bb678}</UniqueIdentifier>
    </Filter>
    <Filter Include="Leviathan\Network\LeviathanServer\Server\EndPoint">
      <UniqueIdentifier>{a1756a73-8628-4d7c-aa7f-a7cb4db5f330}</UniqueIdentifier>
    </Filter>
    <Filter Include="Leviathan\Network\LeviathanServer\Server\Epoll">
      <UniqueIdentifier>{a44ec871-e5fe-4655-892f-a36b185b7f59}</UniqueIdentifier>
    </Filter>
    <Filter Include="Leviathan\Network\LeviathanServer\ServerOption">
      <UniqueIdentifier>{098fbad9-640c-4659-80fd-af7269993a70}</UniqueIdentifier>
    </Filter>
    <Filter Include="Leviathan\Network\Socket">
      <UniqueIdentifier>{866a2b5b-a695-4097-b35e-f342acc2747e}</UniqueIdentifier>
    </Filter>
    <Filter Include="Leviathan\Core\Memory Pool">
      <UniqueIdentifier>{ef352e55-5132-48ee-8951-aeedade2c674}</UniqueIdentifier>
    </Filter>
    <Filter Include="Leviathan\Utillity\Tick">
      <UniqueIdentifier>{b2dfea57-07c3-4d06-9b10-1e954af943fb}</UniqueIdentifier>
    </Filter>
    <Filter Include="Leviathan\Utillity\Data Structure">
      <UniqueIdentifier>{c65ea690-2979-4c9e-a3b1-8135cf244d90}</UniqueIdentifier>
    </Filter>
    <Filter Include="Leviathan\Utillity\Data Structure\Queue">
      <UniqueIdentifier>{6a687a91-af6e-4816-8d19-b8a001dcf8e8}</UniqueIdentifier>
    </Filter>
    <Filter Include="Leviathan\Utillity\Crypt">
      <UniqueIdentifier>{9f11de23-3c1c-4dcc-b643-33ee19605535}</UniqueIdentifier>
    </Filter>
    <Filter Include="Leviathan\Network\Packet Generator">
      <UniqueIdentifier>{934a5c53-a485-4884-b589-6aab2eaeb4c4}</UniqueIdentifier>
    </Filter>
  </ItemGroup>
  <ItemGroup>
    <ClCompile Include="main.cpp">
      <Filter>Leviathan</Filter>
    </ClCompile>
    <ClCompile Include="lev_socket.cpp">
      <Filter>Leviathan\Network\Socket</Filter>
    </ClCompile>
    <ClCompile Include="lev_close_socket.cpp">
      <Filter>Leviathan\Network\CloseSocket</Filter>
    </ClCompile>
    <ClCompile Include="lev_json.cpp">
      <Filter>Leviathan\Utillity\Json</Filter>
    </ClCompile>
    <ClCompile Include="lev_server_adaptor.cpp">
      <Filter>Leviathan\Network\LeviathanServer\Adaptor</Filter>
    </ClCompile>
    <ClCompile Include="lev_server.cpp">
      <Filter>Leviathan\Network\LeviathanServer\Server</Filter>
    </ClCompile>
    <ClCompile Include="lev_client.cpp">
      <Filter>Leviathan\Network\LeviathanClient\Client</Filter>
    </ClCompile>
    <ClCompile Include="lev_log.cpp">
      <Filter>Leviathan\Utillity\Log</Filter>
    </ClCompile>
    <ClCompile Include="lev_server_option.cpp">
      <Filter>Leviathan\Network\LeviathanServer\ServerOption</Filter>
    </ClCompile>
    <ClCompile Include="lev_stream.cpp">
      <Filter>Leviathan\Core\Stream</Filter>
    </ClCompile>
    <ClCompile Include="lev_mutex_lock.cpp">
      <Filter>Leviathan\Core\Thread\MutilThreadSync\Mutex</Filter>
    </ClCompile>
    <ClCompile Include="lev_random.cpp">
      <Filter>Leviathan\Utillity\Random</Filter>
    </ClCompile>
    <ClCompile Include="lev_thread.cpp">
      <Filter>Leviathan\Core\Thread</Filter>
    </ClCompile>
    <ClCompile Include="lev_receive.cpp">
      <Filter>Leviathan\Core\I/O\Receive</Filter>
    </ClCompile>
    <ClCompile Include="lev_send.cpp">
      <Filter>Leviathan\Core\I/O\Send</Filter>
    </ClCompile>
    <ClCompile Include="lev_endpoint.cpp">
      <Filter>Leviathan\Network\LeviathanServer\Server\EndPoint</Filter>
    </ClCompile>
    <ClCompile Include="lev_epoll.cpp">
      <Filter>Leviathan\Network\LeviathanServer\Server\Epoll</Filter>
    </ClCompile>
    <ClCompile Include="lev_client_manager.cpp">
      <Filter>Leviathan\Network\LeviathanClient\ClientManager</Filter>
    </ClCompile>
    <ClCompile Include="lev_memory_pool.cpp">
      <Filter>Leviathan\Core\Memory Pool</Filter>
    </ClCompile>
    <ClCompile Include="lev_tick.cpp">
      <Filter>Leviathan\Utillity\Tick</Filter>
    </ClCompile>
    <ClCompile Include="lev_crypt.cpp">
      <Filter>Leviathan\Utillity\Crypt</Filter>
    </ClCompile>
  </ItemGroup>
  <ItemGroup>
    <ClInclude Include="lev.h">
      <Filter>Leviathan</Filter>
    </ClInclude>
    <ClInclude Include="lev_socket.h">
      <Filter>Leviathan\Network\Socket</Filter>
    </ClInclude>
    <ClInclude Include="lev_singleton.h">
      <Filter>Leviathan\Utillity\DesignPattern\Singleton</Filter>
    </ClInclude>
    <ClInclude Include="lev_close_socket.h">
      <Filter>Leviathan\Network\CloseSocket</Filter>
    </ClInclude>
    <ClInclude Include="include\jsoncpp\allocator.h">
      <Filter>Leviathan\OpenSource\Jsoncpp</Filter>
    </ClInclude>
    <ClInclude Include="include\jsoncpp\assertions.h">
      <Filter>Leviathan\OpenSource\Jsoncpp</Filter>
    </ClInclude>
    <ClInclude Include="include\jsoncpp\autolink.h">
      <Filter>Leviathan\OpenSource\Jsoncpp</Filter>
    </ClInclude>
    <ClInclude Include="include\jsoncpp\config.h">
      <Filter>Leviathan\OpenSource\Jsoncpp</Filter>
    </ClInclude>
    <ClInclude Include="include\jsoncpp\features.h">
      <Filter>Leviathan\OpenSource\Jsoncpp</Filter>
    </ClInclude>
    <ClInclude Include="include\jsoncpp\forwards.h">
      <Filter>Leviathan\OpenSource\Jsoncpp</Filter>
    </ClInclude>
    <ClInclude Include="include\jsoncpp\json.h">
      <Filter>Leviathan\OpenSource\Jsoncpp</Filter>
    </ClInclude>
    <ClInclude Include="include\jsoncpp\reader.h">
      <Filter>Leviathan\OpenSource\Jsoncpp</Filter>
    </ClInclude>
    <ClInclude Include="include\jsoncpp\value.h">
      <Filter>Leviathan\OpenSource\Jsoncpp</Filter>
    </ClInclude>
    <ClInclude Include="include\jsoncpp\version.h">
      <Filter>Leviathan\OpenSource\Jsoncpp</Filter>
    </ClInclude>
    <ClInclude Include="include\jsoncpp\writer.h">
      <Filter>Leviathan\OpenSource\Jsoncpp</Filter>
    </ClInclude>
    <ClInclude Include="include\tcmalloc.h">
      <Filter>Leviathan\OpenSource\TCMalloc</Filter>
    </ClInclude>
    <ClInclude Include="lev_json.h">
      <Filter>Leviathan\Utillity\Json</Filter>
    </ClInclude>
    <ClInclude Include="lev_server_adaptor.h">
      <Filter>Leviathan\Network\LeviathanServer\Adaptor</Filter>
    </ClInclude>
    <ClInclude Include="lev_server.h">
      <Filter>Leviathan\Network\LeviathanServer\Server</Filter>
    </ClInclude>
    <ClInclude Include="lev_client.h">
      <Filter>Leviathan\Network\LeviathanClient\Client</Filter>
    </ClInclude>
    <ClInclude Include="lev_log.h">
      <Filter>Leviathan\Utillity\Log</Filter>
    </ClInclude>
    <ClInclude Include="lev_server_option.h">
      <Filter>Leviathan\Network\LeviathanServer\ServerOption</Filter>
    </ClInclude>
    <ClInclude Include="lev_stream.h">
      <Filter>Leviathan\Core\Stream</Filter>
    </ClInclude>
    <ClInclude Include="lev_mutex_lock.h">
      <Filter>Leviathan\Core\Thread\MutilThreadSync\Mutex</Filter>
    </ClInclude>
    <ClInclude Include="lev_multi_thread_sync.h">
      <Filter>Leviathan\Core\Thread\MutilThreadSync</Filter>
    </ClInclude>
    <ClInclude Include="lev_random.h">
      <Filter>Leviathan\Utillity\Random</Filter>
    </ClInclude>
    <ClInclude Include="lev_thread.h">
      <Filter>Leviathan\Core\Thread</Filter>
    </ClInclude>
    <ClInclude Include="lev_receive.h">
      <Filter>Leviathan\Core\I/O\Receive</Filter>
    </ClInclude>
    <ClInclude Include="lev_send.h">
      <Filter>Leviathan\Core\I/O\Send</Filter>
    </ClInclude>
    <ClInclude Include="lev_endpoint.h">
      <Filter>Leviathan\Network\LeviathanServer\Server\EndPoint</Filter>
    </ClInclude>
    <ClInclude Include="lev_epoll.h">
      <Filter>Leviathan\Network\LeviathanServer\Server\Epoll</Filter>
    </ClInclude>
    <ClInclude Include="lev_client_manager.h">
      <Filter>Leviathan\Network\LeviathanClient\ClientManager</Filter>
    </ClInclude>
    <ClInclude Include="lev_memory_pool.h">
      <Filter>Leviathan\Core\Memory Pool</Filter>
    </ClInclude>
    <ClInclude Include="lev_tick.h">
      <Filter>Leviathan\Utillity\Tick</Filter>
    </ClInclude>
    <ClInclude Include="lev_circular_queue.h">
      <Filter>Leviathan\Utillity\Data Structure\Queue</Filter>
    </ClInclude>
    <ClInclude Include="lev_crypt.h">
      <Filter>Leviathan\Utillity\Crypt</Filter>
    </ClInclude>
  </ItemGroup>
  <ItemGroup>
    <None Include="lev_singleton.inl">
      <Filter>Leviathan\Utillity\DesignPattern\Singleton</Filter>
    </None>
    <None Include="server_options\server_option.json">
      <Filter>Leviathan\Network\LeviathanServer\ServerOption</Filter>
    </None>
    <None Include="lev_stream.inl">
      <Filter>Leviathan\Core\Stream</Filter>
    </None>
    <None Include="Network.cd" />
    <None Include="lev_circular_queue.inl">
      <Filter>Leviathan\Utillity\Data Structure\Queue</Filter>
    </None>
  </ItemGroup>
  <ItemGroup>
    <Library Include="libs\libjsoncpp.a">
      <Filter>Leviathan\Libs</Filter>
    </Library>
    <Library Include="libs\libtcmalloc.a">
      <Filter>Leviathan\Libs</Filter>
    </Library>
  </ItemGroup>
</Project>